// !$*UTF8*$!
{
	archiveVersion = 1;
	classes = {
	};
	objectVersion = 48;
	objects = {

/* Begin PBXBuildFile section */
		0907932B1FB1B75C00A7F76C /* WyhSuperViewController.m in Sources */ = {isa = PBXBuildFile; fileRef = 090793291FB1B75C00A7F76C /* WyhSuperViewController.m */; };
		090793381FB1B76600A7F76C /* WyhAnnotation.m in Sources */ = {isa = PBXBuildFile; fileRef = 0907932E1FB1B76600A7F76C /* WyhAnnotation.m */; };
		090793391FB1B76600A7F76C /* WyhLocationManager.m in Sources */ = {isa = PBXBuildFile; fileRef = 090793301FB1B76600A7F76C /* WyhLocationManager.m */; };
		0907933A1FB1B76600A7F76C /* WyhAnnotationView.m in Sources */ = {isa = PBXBuildFile; fileRef = 090793331FB1B76600A7F76C /* WyhAnnotationView.m */; };
		0907933B1FB1B76600A7F76C /* WyhDataViewController.m in Sources */ = {isa = PBXBuildFile; fileRef = 090793351FB1B76600A7F76C /* WyhDataViewController.m */; };
		0907933C1FB1B76600A7F76C /* WyhMapController.m in Sources */ = {isa = PBXBuildFile; fileRef = 090793371FB1B76600A7F76C /* WyhMapController.m */; };
		0932F8241FB0A6F200831C0F /* AppDelegate.m in Sources */ = {isa = PBXBuildFile; fileRef = 0932F8231FB0A6F200831C0F /* AppDelegate.m */; };
		0932F8271FB0A6F200831C0F /* ViewController.m in Sources */ = {isa = PBXBuildFile; fileRef = 0932F8261FB0A6F200831C0F /* ViewController.m */; };
		0932F82A1FB0A6F200831C0F /* Main.storyboard in Resources */ = {isa = PBXBuildFile; fileRef = 0932F8281FB0A6F200831C0F /* Main.storyboard */; };
		0932F82C1FB0A6F200831C0F /* Assets.xcassets in Resources */ = {isa = PBXBuildFile; fileRef = 0932F82B1FB0A6F200831C0F /* Assets.xcassets */; };
		0932F82F1FB0A6F200831C0F /* LaunchScreen.storyboard in Resources */ = {isa = PBXBuildFile; fileRef = 0932F82D1FB0A6F200831C0F /* LaunchScreen.storyboard */; };
		0932F8321FB0A6F200831C0F /* main.m in Sources */ = {isa = PBXBuildFile; fileRef = 0932F8311FB0A6F200831C0F /* main.m */; };
		0932F83C1FB0A6F200831C0F /* WyhTestRegionMonitorTests.m in Sources */ = {isa = PBXBuildFile; fileRef = 0932F83B1FB0A6F200831C0F /* WyhTestRegionMonitorTests.m */; };
		0932F8471FB0A6F200831C0F /* WyhTestRegionMonitorUITests.m in Sources */ = {isa = PBXBuildFile; fileRef = 0932F8461FB0A6F200831C0F /* WyhTestRegionMonitorUITests.m */; };
		0932F8601FB0A78700831C0F /* CoreLocation.framework in Frameworks */ = {isa = PBXBuildFile; fileRef = 0932F85F1FB0A78700831C0F /* CoreLocation.framework */; };
		093861491FB1E21600725AC2 /* UIAlertController+Window.m in Sources */ = {isa = PBXBuildFile; fileRef = 093861471FB1E21600725AC2 /* UIAlertController+Window.m */; };
		0938614A1FB1E21600725AC2 /* UIViewController+WyhAlert.m in Sources */ = {isa = PBXBuildFile; fileRef = 093861481FB1E21600725AC2 /* UIViewController+WyhAlert.m */; };
		0938614D1FB1E6E900725AC2 /* NSDate+WyhCurrentTime.m in Sources */ = {isa = PBXBuildFile; fileRef = 0938614C1FB1E6E900725AC2 /* NSDate+WyhCurrentTime.m */; };
		093861521FB206DD00725AC2 /* WyhDataTableViewCell.m in Sources */ = {isa = PBXBuildFile; fileRef = 093861501FB206DD00725AC2 /* WyhDataTableViewCell.m */; };
		093861531FB206DD00725AC2 /* WyhDataTableViewCell.xib in Resources */ = {isa = PBXBuildFile; fileRef = 093861511FB206DD00725AC2 /* WyhDataTableViewCell.xib */; };
		093EF4C71FB2D19A00953C3E /* TQLocationConverter.m in Sources */ = {isa = PBXBuildFile; fileRef = 093EF4C61FB2D19A00953C3E /* TQLocationConverter.m */; };
		09F0CA281FB141410012AE92 /* WyhNavBaseController.m in Sources */ = {isa = PBXBuildFile; fileRef = 09F0CA251FB141410012AE92 /* WyhNavBaseController.m */; };
		09F0CA291FB141410012AE92 /* WyhTabBarBaseController.m in Sources */ = {isa = PBXBuildFile; fileRef = 09F0CA271FB141410012AE92 /* WyhTabBarBaseController.m */; };
		DBE7F315B65D529161AAF00F /* libPods-WyhTestRegionMonitor.a in Frameworks */ = {isa = PBXBuildFile; fileRef = 6AB3051E03AD2819E9CEC984 /* libPods-WyhTestRegionMonitor.a */; };
/* End PBXBuildFile section */

/* Begin PBXContainerItemProxy section */
		0932F8381FB0A6F200831C0F /* PBXContainerItemProxy */ = {
			isa = PBXContainerItemProxy;
			containerPortal = 0932F8171FB0A6F200831C0F /* Project object */;
			proxyType = 1;
			remoteGlobalIDString = 0932F81E1FB0A6F200831C0F;
			remoteInfo = WyhTestRegionMonitor;
		};
		0932F8431FB0A6F200831C0F /* PBXContainerItemProxy */ = {
			isa = PBXContainerItemProxy;
			containerPortal = 0932F8171FB0A6F200831C0F /* Project object */;
			proxyType = 1;
			remoteGlobalIDString = 0932F81E1FB0A6F200831C0F;
			remoteInfo = WyhTestRegionMonitor;
		};
/* End PBXContainerItemProxy section */

/* Begin PBXFileReference section */
		090793291FB1B75C00A7F76C /* WyhSuperViewController.m */ = {isa = PBXFileReference; fileEncoding = 4; lastKnownFileType = sourcecode.c.objc; path = WyhSuperViewController.m; sourceTree = "<group>"; };
		0907932A1FB1B75C00A7F76C /* WyhSuperViewController.h */ = {isa = PBXFileReference; fileEncoding = 4; lastKnownFileType = sourcecode.c.h; path = WyhSuperViewController.h; sourceTree = "<group>"; };
		0907932D1FB1B76600A7F76C /* WyhAnnotation.h */ = {isa = PBXFileReference; fileEncoding = 4; lastKnownFileType = sourcecode.c.h; path = WyhAnnotation.h; sourceTree = "<group>"; };
		0907932E1FB1B76600A7F76C /* WyhAnnotation.m */ = {isa = PBXFileReference; fileEncoding = 4; lastKnownFileType = sourcecode.c.objc; path = WyhAnnotation.m; sourceTree = "<group>"; };
		0907932F1FB1B76600A7F76C /* WyhLocationManager.h */ = {isa = PBXFileReference; fileEncoding = 4; lastKnownFileType = sourcecode.c.h; path = WyhLocationManager.h; sourceTree = "<group>"; };
		090793301FB1B76600A7F76C /* WyhLocationManager.m */ = {isa = PBXFileReference; fileEncoding = 4; lastKnownFileType = sourcecode.c.objc; path = WyhLocationManager.m; sourceTree = "<group>"; };
		090793321FB1B76600A7F76C /* WyhAnnotationView.h */ = {isa = PBXFileReference; fileEncoding = 4; lastKnownFileType = sourcecode.c.h; path = WyhAnnotationView.h; sourceTree = "<group>"; };
		090793331FB1B76600A7F76C /* WyhAnnotationView.m */ = {isa = PBXFileReference; fileEncoding = 4; lastKnownFileType = sourcecode.c.objc; path = WyhAnnotationView.m; sourceTree = "<group>"; };
		090793341FB1B76600A7F76C /* WyhDataViewController.h */ = {isa = PBXFileReference; fileEncoding = 4; lastKnownFileType = sourcecode.c.h; path = WyhDataViewController.h; sourceTree = "<group>"; };
		090793351FB1B76600A7F76C /* WyhDataViewController.m */ = {isa = PBXFileReference; fileEncoding = 4; lastKnownFileType = sourcecode.c.objc; path = WyhDataViewController.m; sourceTree = "<group>"; };
		090793361FB1B76600A7F76C /* WyhMapController.h */ = {isa = PBXFileReference; fileEncoding = 4; lastKnownFileType = sourcecode.c.h; path = WyhMapController.h; sourceTree = "<group>"; };
		090793371FB1B76600A7F76C /* WyhMapController.m */ = {isa = PBXFileReference; fileEncoding = 4; lastKnownFileType = sourcecode.c.objc; path = WyhMapController.m; sourceTree = "<group>"; };
		090793401FB1BFA600A7F76C /* PrefixHeader.pch */ = {isa = PBXFileReference; lastKnownFileType = sourcecode.c.h; path = PrefixHeader.pch; sourceTree = "<group>"; };
		0932F81F1FB0A6F200831C0F /* WyhTestRegionMonitor.app */ = {isa = PBXFileReference; explicitFileType = wrapper.application; includeInIndex = 0; path = WyhTestRegionMonitor.app; sourceTree = BUILT_PRODUCTS_DIR; };
		0932F8221FB0A6F200831C0F /* AppDelegate.h */ = {isa = PBXFileReference; lastKnownFileType = sourcecode.c.h; path = AppDelegate.h; sourceTree = "<group>"; };
		0932F8231FB0A6F200831C0F /* AppDelegate.m */ = {isa = PBXFileReference; lastKnownFileType = sourcecode.c.objc; path = AppDelegate.m; sourceTree = "<group>"; };
		0932F8251FB0A6F200831C0F /* ViewController.h */ = {isa = PBXFileReference; lastKnownFileType = sourcecode.c.h; path = ViewController.h; sourceTree = "<group>"; };
		0932F8261FB0A6F200831C0F /* ViewController.m */ = {isa = PBXFileReference; lastKnownFileType = sourcecode.c.objc; path = ViewController.m; sourceTree = "<group>"; };
		0932F8291FB0A6F200831C0F /* Base */ = {isa = PBXFileReference; lastKnownFileType = file.storyboard; name = Base; path = Base.lproj/Main.storyboard; sourceTree = "<group>"; };
		0932F82B1FB0A6F200831C0F /* Assets.xcassets */ = {isa = PBXFileReference; lastKnownFileType = folder.assetcatalog; path = Assets.xcassets; sourceTree = "<group>"; };
		0932F82E1FB0A6F200831C0F /* Base */ = {isa = PBXFileReference; lastKnownFileType = file.storyboard; name = Base; path = Base.lproj/LaunchScreen.storyboard; sourceTree = "<group>"; };
		0932F8301FB0A6F200831C0F /* Info.plist */ = {isa = PBXFileReference; lastKnownFileType = text.plist.xml; path = Info.plist; sourceTree = "<group>"; };
		0932F8311FB0A6F200831C0F /* main.m */ = {isa = PBXFileReference; lastKnownFileType = sourcecode.c.objc; path = main.m; sourceTree = "<group>"; };
		0932F8371FB0A6F200831C0F /* WyhTestRegionMonitorTests.xctest */ = {isa = PBXFileReference; explicitFileType = wrapper.cfbundle; includeInIndex = 0; path = WyhTestRegionMonitorTests.xctest; sourceTree = BUILT_PRODUCTS_DIR; };
		0932F83B1FB0A6F200831C0F /* WyhTestRegionMonitorTests.m */ = {isa = PBXFileReference; lastKnownFileType = sourcecode.c.objc; path = WyhTestRegionMonitorTests.m; sourceTree = "<group>"; };
		0932F83D1FB0A6F200831C0F /* Info.plist */ = {isa = PBXFileReference; lastKnownFileType = text.plist.xml; path = Info.plist; sourceTree = "<group>"; };
		0932F8421FB0A6F200831C0F /* WyhTestRegionMonitorUITests.xctest */ = {isa = PBXFileReference; explicitFileType = wrapper.cfbundle; includeInIndex = 0; path = WyhTestRegionMonitorUITests.xctest; sourceTree = BUILT_PRODUCTS_DIR; };
		0932F8461FB0A6F200831C0F /* WyhTestRegionMonitorUITests.m */ = {isa = PBXFileReference; lastKnownFileType = sourcecode.c.objc; path = WyhTestRegionMonitorUITests.m; sourceTree = "<group>"; };
		0932F8481FB0A6F200831C0F /* Info.plist */ = {isa = PBXFileReference; lastKnownFileType = text.plist.xml; path = Info.plist; sourceTree = "<group>"; };
		0932F85F1FB0A78700831C0F /* CoreLocation.framework */ = {isa = PBXFileReference; lastKnownFileType = wrapper.framework; name = CoreLocation.framework; path = System/Library/Frameworks/CoreLocation.framework; sourceTree = SDKROOT; };
		093861451FB1E21600725AC2 /* UIViewController+WyhAlert.h */ = {isa = PBXFileReference; fileEncoding = 4; lastKnownFileType = sourcecode.c.h; path = "UIViewController+WyhAlert.h"; sourceTree = "<group>"; };
		093861461FB1E21600725AC2 /* UIAlertController+Window.h */ = {isa = PBXFileReference; fileEncoding = 4; lastKnownFileType = sourcecode.c.h; path = "UIAlertController+Window.h"; sourceTree = "<group>"; };
		093861471FB1E21600725AC2 /* UIAlertController+Window.m */ = {isa = PBXFileReference; fileEncoding = 4; lastKnownFileType = sourcecode.c.objc; path = "UIAlertController+Window.m"; sourceTree = "<group>"; };
		093861481FB1E21600725AC2 /* UIViewController+WyhAlert.m */ = {isa = PBXFileReference; fileEncoding = 4; lastKnownFileType = sourcecode.c.objc; path = "UIViewController+WyhAlert.m"; sourceTree = "<group>"; };
		0938614B1FB1E6E900725AC2 /* NSDate+WyhCurrentTime.h */ = {isa = PBXFileReference; lastKnownFileType = sourcecode.c.h; path = "NSDate+WyhCurrentTime.h"; sourceTree = "<group>"; };
		0938614C1FB1E6E900725AC2 /* NSDate+WyhCurrentTime.m */ = {isa = PBXFileReference; lastKnownFileType = sourcecode.c.objc; path = "NSDate+WyhCurrentTime.m"; sourceTree = "<group>"; };
		0938614E1FB1EBE300725AC2 /* regionHeader.h */ = {isa = PBXFileReference; lastKnownFileType = sourcecode.c.h; path = regionHeader.h; sourceTree = "<group>"; };
		0938614F1FB206DD00725AC2 /* WyhDataTableViewCell.h */ = {isa = PBXFileReference; lastKnownFileType = sourcecode.c.h; path = WyhDataTableViewCell.h; sourceTree = "<group>"; };
		093861501FB206DD00725AC2 /* WyhDataTableViewCell.m */ = {isa = PBXFileReference; lastKnownFileType = sourcecode.c.objc; path = WyhDataTableViewCell.m; sourceTree = "<group>"; };
		093861511FB206DD00725AC2 /* WyhDataTableViewCell.xib */ = {isa = PBXFileReference; lastKnownFileType = file.xib; path = WyhDataTableViewCell.xib; sourceTree = "<group>"; };
		093EF4C51FB2D19A00953C3E /* TQLocationConverter.h */ = {isa = PBXFileReference; fileEncoding = 4; lastKnownFileType = sourcecode.c.h; path = TQLocationConverter.h; sourceTree = "<group>"; };
		093EF4C61FB2D19A00953C3E /* TQLocationConverter.m */ = {isa = PBXFileReference; fileEncoding = 4; lastKnownFileType = sourcecode.c.objc; path = TQLocationConverter.m; sourceTree = "<group>"; };
		09F0CA241FB141410012AE92 /* WyhNavBaseController.h */ = {isa = PBXFileReference; fileEncoding = 4; lastKnownFileType = sourcecode.c.h; path = WyhNavBaseController.h; sourceTree = "<group>"; };
		09F0CA251FB141410012AE92 /* WyhNavBaseController.m */ = {isa = PBXFileReference; fileEncoding = 4; lastKnownFileType = sourcecode.c.objc; path = WyhNavBaseController.m; sourceTree = "<group>"; };
		09F0CA261FB141410012AE92 /* WyhTabBarBaseController.h */ = {isa = PBXFileReference; fileEncoding = 4; lastKnownFileType = sourcecode.c.h; path = WyhTabBarBaseController.h; sourceTree = "<group>"; };
		09F0CA271FB141410012AE92 /* WyhTabBarBaseController.m */ = {isa = PBXFileReference; fileEncoding = 4; lastKnownFileType = sourcecode.c.objc; path = WyhTabBarBaseController.m; sourceTree = "<group>"; };
		32CB49831E39390DF975F77D /* Pods-WyhTestRegionMonitor.release.xcconfig */ = {isa = PBXFileReference; includeInIndex = 1; lastKnownFileType = text.xcconfig; name = "Pods-WyhTestRegionMonitor.release.xcconfig"; path = "Pods/Target Support Files/Pods-WyhTestRegionMonitor/Pods-WyhTestRegionMonitor.release.xcconfig"; sourceTree = "<group>"; };
		6AB3051E03AD2819E9CEC984 /* libPods-WyhTestRegionMonitor.a */ = {isa = PBXFileReference; explicitFileType = archive.ar; includeInIndex = 0; path = "libPods-WyhTestRegionMonitor.a"; sourceTree = BUILT_PRODUCTS_DIR; };
		99C028D53868633124AF4FB7 /* Pods-WyhTestRegionMonitor.debug.xcconfig */ = {isa = PBXFileReference; includeInIndex = 1; lastKnownFileType = text.xcconfig; name = "Pods-WyhTestRegionMonitor.debug.xcconfig"; path = "Pods/Target Support Files/Pods-WyhTestRegionMonitor/Pods-WyhTestRegionMonitor.debug.xcconfig"; sourceTree = "<group>"; };
/* End PBXFileReference section */

/* Begin PBXFrameworksBuildPhase section */
		0932F81C1FB0A6F200831C0F /* Frameworks */ = {
			isa = PBXFrameworksBuildPhase;
			buildActionMask = 2147483647;
			files = (
				0932F8601FB0A78700831C0F /* CoreLocation.framework in Frameworks */,
				DBE7F315B65D529161AAF00F /* libPods-WyhTestRegionMonitor.a in Frameworks */,
			);
			runOnlyForDeploymentPostprocessing = 0;
		};
		0932F8341FB0A6F200831C0F /* Frameworks */ = {
			isa = PBXFrameworksBuildPhase;
			buildActionMask = 2147483647;
			files = (
			);
			runOnlyForDeploymentPostprocessing = 0;
		};
		0932F83F1FB0A6F200831C0F /* Frameworks */ = {
			isa = PBXFrameworksBuildPhase;
			buildActionMask = 2147483647;
			files = (
			);
			runOnlyForDeploymentPostprocessing = 0;
		};
/* End PBXFrameworksBuildPhase section */

/* Begin PBXGroup section */
		0907932C1FB1B76600A7F76C /* Manger */ = {
			isa = PBXGroup;
			children = (
				0907932D1FB1B76600A7F76C /* WyhAnnotation.h */,
				0907932E1FB1B76600A7F76C /* WyhAnnotation.m */,
				0907932F1FB1B76600A7F76C /* WyhLocationManager.h */,
				090793301FB1B76600A7F76C /* WyhLocationManager.m */,
			);
			path = Manger;
			sourceTree = "<group>";
		};
		090793311FB1B76600A7F76C /* View */ = {
			isa = PBXGroup;
			children = (
				090793321FB1B76600A7F76C /* WyhAnnotationView.h */,
				090793331FB1B76600A7F76C /* WyhAnnotationView.m */,
				090793341FB1B76600A7F76C /* WyhDataViewController.h */,
				090793351FB1B76600A7F76C /* WyhDataViewController.m */,
				090793361FB1B76600A7F76C /* WyhMapController.h */,
				090793371FB1B76600A7F76C /* WyhMapController.m */,
				0938614F1FB206DD00725AC2 /* WyhDataTableViewCell.h */,
				093861501FB206DD00725AC2 /* WyhDataTableViewCell.m */,
				093861511FB206DD00725AC2 /* WyhDataTableViewCell.xib */,
			);
			path = View;
			sourceTree = "<group>";
		};
		0932F8161FB0A6F200831C0F = {
			isa = PBXGroup;
			children = (
				0932F8211FB0A6F200831C0F /* WyhTestRegionMonitor */,
				0932F83A1FB0A6F200831C0F /* WyhTestRegionMonitorTests */,
				0932F8451FB0A6F200831C0F /* WyhTestRegionMonitorUITests */,
				0932F8201FB0A6F200831C0F /* Products */,
				0932F85E1FB0A78700831C0F /* Frameworks */,
				B07445541B973F58A3CA0029 /* Pods */,
			);
			sourceTree = "<group>";
		};
		0932F8201FB0A6F200831C0F /* Products */ = {
			isa = PBXGroup;
			children = (
				0932F81F1FB0A6F200831C0F /* WyhTestRegionMonitor.app */,
				0932F8371FB0A6F200831C0F /* WyhTestRegionMonitorTests.xctest */,
				0932F8421FB0A6F200831C0F /* WyhTestRegionMonitorUITests.xctest */,
			);
			name = Products;
			sourceTree = "<group>";
		};
		0932F8211FB0A6F200831C0F /* WyhTestRegionMonitor */ = {
			isa = PBXGroup;
			children = (
				0932F8221FB0A6F200831C0F /* AppDelegate.h */,
				0932F8231FB0A6F200831C0F /* AppDelegate.m */,
				0932F8251FB0A6F200831C0F /* ViewController.h */,
				0932F8261FB0A6F200831C0F /* ViewController.m */,
				090793401FB1BFA600A7F76C /* PrefixHeader.pch */,
				0938614E1FB1EBE300725AC2 /* regionHeader.h */,
				093EF4C41FB2D19A00953C3E /* TQLocationConverter */,
				093861441FB1E1F900725AC2 /* category */,
				0907932C1FB1B76600A7F76C /* Manger */,
				090793311FB1B76600A7F76C /* View */,
				09F0CA231FB141410012AE92 /* Base */,
				0932F8281FB0A6F200831C0F /* Main.storyboard */,
				0932F82B1FB0A6F200831C0F /* Assets.xcassets */,
				0932F82D1FB0A6F200831C0F /* LaunchScreen.storyboard */,
				0932F8301FB0A6F200831C0F /* Info.plist */,
				0932F8311FB0A6F200831C0F /* main.m */,
			);
			path = WyhTestRegionMonitor;
			sourceTree = "<group>";
		};
		0932F83A1FB0A6F200831C0F /* WyhTestRegionMonitorTests */ = {
			isa = PBXGroup;
			children = (
				0932F83B1FB0A6F200831C0F /* WyhTestRegionMonitorTests.m */,
				0932F83D1FB0A6F200831C0F /* Info.plist */,
			);
			path = WyhTestRegionMonitorTests;
			sourceTree = "<group>";
		};
		0932F8451FB0A6F200831C0F /* WyhTestRegionMonitorUITests */ = {
			isa = PBXGroup;
			children = (
				0932F8461FB0A6F200831C0F /* WyhTestRegionMonitorUITests.m */,
				0932F8481FB0A6F200831C0F /* Info.plist */,
			);
			path = WyhTestRegionMonitorUITests;
			sourceTree = "<group>";
		};
		0932F85E1FB0A78700831C0F /* Frameworks */ = {
			isa = PBXGroup;
			children = (
				0932F85F1FB0A78700831C0F /* CoreLocation.framework */,
				6AB3051E03AD2819E9CEC984 /* libPods-WyhTestRegionMonitor.a */,
			);
			name = Frameworks;
			sourceTree = "<group>";
		};
		093861441FB1E1F900725AC2 /* category */ = {
			isa = PBXGroup;
			children = (
				093861461FB1E21600725AC2 /* UIAlertController+Window.h */,
				093861471FB1E21600725AC2 /* UIAlertController+Window.m */,
				093861451FB1E21600725AC2 /* UIViewController+WyhAlert.h */,
				093861481FB1E21600725AC2 /* UIViewController+WyhAlert.m */,
				0938614B1FB1E6E900725AC2 /* NSDate+WyhCurrentTime.h */,
				0938614C1FB1E6E900725AC2 /* NSDate+WyhCurrentTime.m */,
			);
			path = category;
			sourceTree = "<group>";
		};
		093EF4C41FB2D19A00953C3E /* TQLocationConverter */ = {
			isa = PBXGroup;
			children = (
				093EF4C51FB2D19A00953C3E /* TQLocationConverter.h */,
				093EF4C61FB2D19A00953C3E /* TQLocationConverter.m */,
			);
			path = TQLocationConverter;
			sourceTree = "<group>";
		};
		09F0CA231FB141410012AE92 /* Base */ = {
			isa = PBXGroup;
			children = (
				0907932A1FB1B75C00A7F76C /* WyhSuperViewController.h */,
				090793291FB1B75C00A7F76C /* WyhSuperViewController.m */,
				09F0CA241FB141410012AE92 /* WyhNavBaseController.h */,
				09F0CA251FB141410012AE92 /* WyhNavBaseController.m */,
				09F0CA261FB141410012AE92 /* WyhTabBarBaseController.h */,
				09F0CA271FB141410012AE92 /* WyhTabBarBaseController.m */,
			);
			path = Base;
			sourceTree = "<group>";
		};
		B07445541B973F58A3CA0029 /* Pods */ = {
			isa = PBXGroup;
			children = (
				99C028D53868633124AF4FB7 /* Pods-WyhTestRegionMonitor.debug.xcconfig */,
				32CB49831E39390DF975F77D /* Pods-WyhTestRegionMonitor.release.xcconfig */,
			);
			name = Pods;
			sourceTree = "<group>";
		};
/* End PBXGroup section */

/* Begin PBXNativeTarget section */
		0932F81E1FB0A6F200831C0F /* WyhTestRegionMonitor */ = {
			isa = PBXNativeTarget;
			buildConfigurationList = 0932F84B1FB0A6F200831C0F /* Build configuration list for PBXNativeTarget "WyhTestRegionMonitor" */;
			buildPhases = (
				1D2136C0B0E33B9791A80C1F /* [CP] Check Pods Manifest.lock */,
				0932F81B1FB0A6F200831C0F /* Sources */,
				0932F81C1FB0A6F200831C0F /* Frameworks */,
				0932F81D1FB0A6F200831C0F /* Resources */,
				9A774FA3FD81507FF6CE23A5 /* [CP] Embed Pods Frameworks */,
				08BE76A6476195197EE92E2B /* [CP] Copy Pods Resources */,
			);
			buildRules = (
			);
			dependencies = (
			);
			name = WyhTestRegionMonitor;
			productName = WyhTestRegionMonitor;
			productReference = 0932F81F1FB0A6F200831C0F /* WyhTestRegionMonitor.app */;
			productType = "com.apple.product-type.application";
		};
		0932F8361FB0A6F200831C0F /* WyhTestRegionMonitorTests */ = {
			isa = PBXNativeTarget;
			buildConfigurationList = 0932F84E1FB0A6F200831C0F /* Build configuration list for PBXNativeTarget "WyhTestRegionMonitorTests" */;
			buildPhases = (
				0932F8331FB0A6F200831C0F /* Sources */,
				0932F8341FB0A6F200831C0F /* Frameworks */,
				0932F8351FB0A6F200831C0F /* Resources */,
			);
			buildRules = (
			);
			dependencies = (
				0932F8391FB0A6F200831C0F /* PBXTargetDependency */,
			);
			name = WyhTestRegionMonitorTests;
			productName = WyhTestRegionMonitorTests;
			productReference = 0932F8371FB0A6F200831C0F /* WyhTestRegionMonitorTests.xctest */;
			productType = "com.apple.product-type.bundle.unit-test";
		};
		0932F8411FB0A6F200831C0F /* WyhTestRegionMonitorUITests */ = {
			isa = PBXNativeTarget;
			buildConfigurationList = 0932F8511FB0A6F200831C0F /* Build configuration list for PBXNativeTarget "WyhTestRegionMonitorUITests" */;
			buildPhases = (
				0932F83E1FB0A6F200831C0F /* Sources */,
				0932F83F1FB0A6F200831C0F /* Frameworks */,
				0932F8401FB0A6F200831C0F /* Resources */,
			);
			buildRules = (
			);
			dependencies = (
				0932F8441FB0A6F200831C0F /* PBXTargetDependency */,
			);
			name = WyhTestRegionMonitorUITests;
			productName = WyhTestRegionMonitorUITests;
			productReference = 0932F8421FB0A6F200831C0F /* WyhTestRegionMonitorUITests.xctest */;
			productType = "com.apple.product-type.bundle.ui-testing";
		};
/* End PBXNativeTarget section */

/* Begin PBXProject section */
		0932F8171FB0A6F200831C0F /* Project object */ = {
			isa = PBXProject;
			attributes = {
				LastUpgradeCheck = 0900;
				ORGANIZATIONNAME = wyh;
				TargetAttributes = {
					0932F81E1FB0A6F200831C0F = {
						CreatedOnToolsVersion = 9.0;
						ProvisioningStyle = Automatic;
						SystemCapabilities = {
							com.apple.BackgroundModes = {
								enabled = 1;
							};
						};
					};
					0932F8361FB0A6F200831C0F = {
						CreatedOnToolsVersion = 9.0;
						ProvisioningStyle = Automatic;
						TestTargetID = 0932F81E1FB0A6F200831C0F;
					};
					0932F8411FB0A6F200831C0F = {
						CreatedOnToolsVersion = 9.0;
						ProvisioningStyle = Automatic;
						TestTargetID = 0932F81E1FB0A6F200831C0F;
					};
				};
			};
			buildConfigurationList = 0932F81A1FB0A6F200831C0F /* Build configuration list for PBXProject "WyhTestRegionMonitor" */;
			compatibilityVersion = "Xcode 8.0";
			developmentRegion = en;
			hasScannedForEncodings = 0;
			knownRegions = (
				en,
				Base,
			);
			mainGroup = 0932F8161FB0A6F200831C0F;
			productRefGroup = 0932F8201FB0A6F200831C0F /* Products */;
			projectDirPath = "";
			projectRoot = "";
			targets = (
				0932F81E1FB0A6F200831C0F /* WyhTestRegionMonitor */,
				0932F8361FB0A6F200831C0F /* WyhTestRegionMonitorTests */,
				0932F8411FB0A6F200831C0F /* WyhTestRegionMonitorUITests */,
			);
		};
/* End PBXProject section */

/* Begin PBXResourcesBuildPhase section */
		0932F81D1FB0A6F200831C0F /* Resources */ = {
			isa = PBXResourcesBuildPhase;
			buildActionMask = 2147483647;
			files = (
				0932F82F1FB0A6F200831C0F /* LaunchScreen.storyboard in Resources */,
				0932F82C1FB0A6F200831C0F /* Assets.xcassets in Resources */,
				093861531FB206DD00725AC2 /* WyhDataTableViewCell.xib in Resources */,
				0932F82A1FB0A6F200831C0F /* Main.storyboard in Resources */,
			);
			runOnlyForDeploymentPostprocessing = 0;
		};
		0932F8351FB0A6F200831C0F /* Resources */ = {
			isa = PBXResourcesBuildPhase;
			buildActionMask = 2147483647;
			files = (
			);
			runOnlyForDeploymentPostprocessing = 0;
		};
		0932F8401FB0A6F200831C0F /* Resources */ = {
			isa = PBXResourcesBuildPhase;
			buildActionMask = 2147483647;
			files = (
			);
			runOnlyForDeploymentPostprocessing = 0;
		};
/* End PBXResourcesBuildPhase section */

/* Begin PBXShellScriptBuildPhase section */
		08BE76A6476195197EE92E2B /* [CP] Copy Pods Resources */ = {
			isa = PBXShellScriptBuildPhase;
			buildActionMask = 2147483647;
			files = (
			);
			inputPaths = (
				"${SRCROOT}/Pods/Target Support Files/Pods-WyhTestRegionMonitor/Pods-WyhTestRegionMonitor-resources.sh",
				"${PODS_ROOT}/MJRefresh/MJRefresh/MJRefresh.bundle",
			);
			name = "[CP] Copy Pods Resources";
			outputPaths = (
				"${TARGET_BUILD_DIR}/${UNLOCALIZED_RESOURCES_FOLDER_PATH}",
			);
			runOnlyForDeploymentPostprocessing = 0;
			shellPath = /bin/sh;
			shellScript = "\"${SRCROOT}/Pods/Target Support Files/Pods-WyhTestRegionMonitor/Pods-WyhTestRegionMonitor-resources.sh\"\n";
			showEnvVarsInLog = 0;
		};
		1D2136C0B0E33B9791A80C1F /* [CP] Check Pods Manifest.lock */ = {
			isa = PBXShellScriptBuildPhase;
			buildActionMask = 2147483647;
			files = (
			);
			inputPaths = (
				"${PODS_PODFILE_DIR_PATH}/Podfile.lock",
				"${PODS_ROOT}/Manifest.lock",
			);
			name = "[CP] Check Pods Manifest.lock";
			outputPaths = (
				"$(DERIVED_FILE_DIR)/Pods-WyhTestRegionMonitor-checkManifestLockResult.txt",
			);
			runOnlyForDeploymentPostprocessing = 0;
			shellPath = /bin/sh;
			shellScript = "diff \"${PODS_PODFILE_DIR_PATH}/Podfile.lock\" \"${PODS_ROOT}/Manifest.lock\" > /dev/null\nif [ $? != 0 ] ; then\n    # print error to STDERR\n    echo \"error: The sandbox is not in sync with the Podfile.lock. Run 'pod install' or update your CocoaPods installation.\" >&2\n    exit 1\nfi\n# This output is used by Xcode 'outputs' to avoid re-running this script phase.\necho \"SUCCESS\" > \"${SCRIPT_OUTPUT_FILE_0}\"\n";
			showEnvVarsInLog = 0;
		};
		9A774FA3FD81507FF6CE23A5 /* [CP] Embed Pods Frameworks */ = {
			isa = PBXShellScriptBuildPhase;
			buildActionMask = 2147483647;
			files = (
			);
			inputPaths = (
			);
			name = "[CP] Embed Pods Frameworks";
			outputPaths = (
			);
			runOnlyForDeploymentPostprocessing = 0;
			shellPath = /bin/sh;
			shellScript = "\"${SRCROOT}/Pods/Target Support Files/Pods-WyhTestRegionMonitor/Pods-WyhTestRegionMonitor-frameworks.sh\"\n";
			showEnvVarsInLog = 0;
		};
/* End PBXShellScriptBuildPhase section */

/* Begin PBXSourcesBuildPhase section */
		0932F81B1FB0A6F200831C0F /* Sources */ = {
			isa = PBXSourcesBuildPhase;
			buildActionMask = 2147483647;
			files = (
				093861521FB206DD00725AC2 /* WyhDataTableViewCell.m in Sources */,
				09F0CA281FB141410012AE92 /* WyhNavBaseController.m in Sources */,
				0932F8271FB0A6F200831C0F /* ViewController.m in Sources */,
				093861491FB1E21600725AC2 /* UIAlertController+Window.m in Sources */,
				0932F8321FB0A6F200831C0F /* main.m in Sources */,
				090793391FB1B76600A7F76C /* WyhLocationManager.m in Sources */,
				093EF4C71FB2D19A00953C3E /* TQLocationConverter.m in Sources */,
				09F0CA291FB141410012AE92 /* WyhTabBarBaseController.m in Sources */,
				0938614D1FB1E6E900725AC2 /* NSDate+WyhCurrentTime.m in Sources */,
				090793381FB1B76600A7F76C /* WyhAnnotation.m in Sources */,
				0938614A1FB1E21600725AC2 /* UIViewController+WyhAlert.m in Sources */,
				0907933C1FB1B76600A7F76C /* WyhMapController.m in Sources */,
				0932F8241FB0A6F200831C0F /* AppDelegate.m in Sources */,
				0907932B1FB1B75C00A7F76C /* WyhSuperViewController.m in Sources */,
				0907933A1FB1B76600A7F76C /* WyhAnnotationView.m in Sources */,
				0907933B1FB1B76600A7F76C /* WyhDataViewController.m in Sources */,
			);
			runOnlyForDeploymentPostprocessing = 0;
		};
		0932F8331FB0A6F200831C0F /* Sources */ = {
			isa = PBXSourcesBuildPhase;
			buildActionMask = 2147483647;
			files = (
				0932F83C1FB0A6F200831C0F /* WyhTestRegionMonitorTests.m in Sources */,
			);
			runOnlyForDeploymentPostprocessing = 0;
		};
		0932F83E1FB0A6F200831C0F /* Sources */ = {
			isa = PBXSourcesBuildPhase;
			buildActionMask = 2147483647;
			files = (
				0932F8471FB0A6F200831C0F /* WyhTestRegionMonitorUITests.m in Sources */,
			);
			runOnlyForDeploymentPostprocessing = 0;
		};
/* End PBXSourcesBuildPhase section */

/* Begin PBXTargetDependency section */
		0932F8391FB0A6F200831C0F /* PBXTargetDependency */ = {
			isa = PBXTargetDependency;
			target = 0932F81E1FB0A6F200831C0F /* WyhTestRegionMonitor */;
			targetProxy = 0932F8381FB0A6F200831C0F /* PBXContainerItemProxy */;
		};
		0932F8441FB0A6F200831C0F /* PBXTargetDependency */ = {
			isa = PBXTargetDependency;
			target = 0932F81E1FB0A6F200831C0F /* WyhTestRegionMonitor */;
			targetProxy = 0932F8431FB0A6F200831C0F /* PBXContainerItemProxy */;
		};
/* End PBXTargetDependency section */

/* Begin PBXVariantGroup section */
		0932F8281FB0A6F200831C0F /* Main.storyboard */ = {
			isa = PBXVariantGroup;
			children = (
				0932F8291FB0A6F200831C0F /* Base */,
			);
			name = Main.storyboard;
			sourceTree = "<group>";
		};
		0932F82D1FB0A6F200831C0F /* LaunchScreen.storyboard */ = {
			isa = PBXVariantGroup;
			children = (
				0932F82E1FB0A6F200831C0F /* Base */,
			);
			name = LaunchScreen.storyboard;
			sourceTree = "<group>";
		};
/* End PBXVariantGroup section */

/* Begin XCBuildConfiguration section */
		0932F8491FB0A6F200831C0F /* Debug */ = {
			isa = XCBuildConfiguration;
			buildSettings = {
				ALWAYS_SEARCH_USER_PATHS = NO;
				CLANG_ANALYZER_NONNULL = YES;
				CLANG_ANALYZER_NUMBER_OBJECT_CONVERSION = YES_AGGRESSIVE;
				CLANG_CXX_LANGUAGE_STANDARD = "gnu++14";
				CLANG_CXX_LIBRARY = "libc++";
				CLANG_ENABLE_MODULES = YES;
				CLANG_ENABLE_OBJC_ARC = YES;
				CLANG_WARN_BLOCK_CAPTURE_AUTORELEASING = YES;
				CLANG_WARN_BOOL_CONVERSION = YES;
				CLANG_WARN_COMMA = YES;
				CLANG_WARN_CONSTANT_CONVERSION = YES;
				CLANG_WARN_DIRECT_OBJC_ISA_USAGE = YES_ERROR;
				CLANG_WARN_DOCUMENTATION_COMMENTS = YES;
				CLANG_WARN_EMPTY_BODY = YES;
				CLANG_WARN_ENUM_CONVERSION = YES;
				CLANG_WARN_INFINITE_RECURSION = YES;
				CLANG_WARN_INT_CONVERSION = YES;
				CLANG_WARN_NON_LITERAL_NULL_CONVERSION = YES;
				CLANG_WARN_OBJC_LITERAL_CONVERSION = YES;
				CLANG_WARN_OBJC_ROOT_CLASS = YES_ERROR;
				CLANG_WARN_RANGE_LOOP_ANALYSIS = YES;
				CLANG_WARN_STRICT_PROTOTYPES = YES;
				CLANG_WARN_SUSPICIOUS_MOVE = YES;
				CLANG_WARN_UNGUARDED_AVAILABILITY = YES_AGGRESSIVE;
				CLANG_WARN_UNREACHABLE_CODE = YES;
				CLANG_WARN__DUPLICATE_METHOD_MATCH = YES;
				CODE_SIGN_IDENTITY = "iPhone Developer";
				COPY_PHASE_STRIP = NO;
				DEBUG_INFORMATION_FORMAT = dwarf;
				ENABLE_STRICT_OBJC_MSGSEND = YES;
				ENABLE_TESTABILITY = YES;
				GCC_C_LANGUAGE_STANDARD = gnu11;
				GCC_DYNAMIC_NO_PIC = NO;
				GCC_NO_COMMON_BLOCKS = YES;
				GCC_OPTIMIZATION_LEVEL = 0;
				GCC_PREPROCESSOR_DEFINITIONS = (
					"DEBUG=1",
					"$(inherited)",
				);
				GCC_WARN_64_TO_32_BIT_CONVERSION = YES;
				GCC_WARN_ABOUT_RETURN_TYPE = YES_ERROR;
				GCC_WARN_UNDECLARED_SELECTOR = YES;
				GCC_WARN_UNINITIALIZED_AUTOS = YES_AGGRESSIVE;
				GCC_WARN_UNUSED_FUNCTION = YES;
				GCC_WARN_UNUSED_VARIABLE = YES;
				IPHONEOS_DEPLOYMENT_TARGET = 11.0;
				MTL_ENABLE_DEBUG_INFO = YES;
				ONLY_ACTIVE_ARCH = YES;
				SDKROOT = iphoneos;
			};
			name = Debug;
		};
		0932F84A1FB0A6F200831C0F /* Release */ = {
			isa = XCBuildConfiguration;
			buildSettings = {
				ALWAYS_SEARCH_USER_PATHS = NO;
				CLANG_ANALYZER_NONNULL = YES;
				CLANG_ANALYZER_NUMBER_OBJECT_CONVERSION = YES_AGGRESSIVE;
				CLANG_CXX_LANGUAGE_STANDARD = "gnu++14";
				CLANG_CXX_LIBRARY = "libc++";
				CLANG_ENABLE_MODULES = YES;
				CLANG_ENABLE_OBJC_ARC = YES;
				CLANG_WARN_BLOCK_CAPTURE_AUTORELEASING = YES;
				CLANG_WARN_BOOL_CONVERSION = YES;
				CLANG_WARN_COMMA = YES;
				CLANG_WARN_CONSTANT_CONVERSION = YES;
				CLANG_WARN_DIRECT_OBJC_ISA_USAGE = YES_ERROR;
				CLANG_WARN_DOCUMENTATION_COMMENTS = YES;
				CLANG_WARN_EMPTY_BODY = YES;
				CLANG_WARN_ENUM_CONVERSION = YES;
				CLANG_WARN_INFINITE_RECURSION = YES;
				CLANG_WARN_INT_CONVERSION = YES;
				CLANG_WARN_NON_LITERAL_NULL_CONVERSION = YES;
				CLANG_WARN_OBJC_LITERAL_CONVERSION = YES;
				CLANG_WARN_OBJC_ROOT_CLASS = YES_ERROR;
				CLANG_WARN_RANGE_LOOP_ANALYSIS = YES;
				CLANG_WARN_STRICT_PROTOTYPES = YES;
				CLANG_WARN_SUSPICIOUS_MOVE = YES;
				CLANG_WARN_UNGUARDED_AVAILABILITY = YES_AGGRESSIVE;
				CLANG_WARN_UNREACHABLE_CODE = YES;
				CLANG_WARN__DUPLICATE_METHOD_MATCH = YES;
				CODE_SIGN_IDENTITY = "iPhone Developer";
				COPY_PHASE_STRIP = NO;
				DEBUG_INFORMATION_FORMAT = "dwarf-with-dsym";
				ENABLE_NS_ASSERTIONS = NO;
				ENABLE_STRICT_OBJC_MSGSEND = YES;
				GCC_C_LANGUAGE_STANDARD = gnu11;
				GCC_NO_COMMON_BLOCKS = YES;
				GCC_WARN_64_TO_32_BIT_CONVERSION = YES;
				GCC_WARN_ABOUT_RETURN_TYPE = YES_ERROR;
				GCC_WARN_UNDECLARED_SELECTOR = YES;
				GCC_WARN_UNINITIALIZED_AUTOS = YES_AGGRESSIVE;
				GCC_WARN_UNUSED_FUNCTION = YES;
				GCC_WARN_UNUSED_VARIABLE = YES;
				IPHONEOS_DEPLOYMENT_TARGET = 11.0;
				MTL_ENABLE_DEBUG_INFO = NO;
				SDKROOT = iphoneos;
				VALIDATE_PRODUCT = YES;
			};
			name = Release;
		};
		0932F84C1FB0A6F200831C0F /* Debug */ = {
			isa = XCBuildConfiguration;
			baseConfigurationReference = 99C028D53868633124AF4FB7 /* Pods-WyhTestRegionMonitor.debug.xcconfig */;
			buildSettings = {
				ASSETCATALOG_COMPILER_APPICON_NAME = AppIcon;
				CODE_SIGN_STYLE = Automatic;
				DEVELOPMENT_TEAM = 29HA8N9RQ5;
				GCC_PREFIX_HEADER = "$(SRCROOT)/WyhTestRegionMonitor/PrefixHeader.pch";
				INFOPLIST_FILE = WyhTestRegionMonitor/Info.plist;
				IPHONEOS_DEPLOYMENT_TARGET = 9.0;
				LD_RUNPATH_SEARCH_PATHS = "$(inherited) @executable_path/Frameworks";
				PRODUCT_BUNDLE_IDENTIFIER = wyh.WyhTestRegionMonitor;
				PRODUCT_NAME = "$(TARGET_NAME)";
				TARGETED_DEVICE_FAMILY = "1,2";
			};
			name = Debug;
		};
		0932F84D1FB0A6F200831C0F /* Release */ = {
			isa = XCBuildConfiguration;
			baseConfigurationReference = 32CB49831E39390DF975F77D /* Pods-WyhTestRegionMonitor.release.xcconfig */;
			buildSettings = {
				ASSETCATALOG_COMPILER_APPICON_NAME = AppIcon;
				CODE_SIGN_STYLE = Automatic;
				DEVELOPMENT_TEAM = 29HA8N9RQ5;
				GCC_PREFIX_HEADER = "$(SRCROOT)/WyhTestRegionMonitor/PrefixHeader.pch";
				INFOPLIST_FILE = WyhTestRegionMonitor/Info.plist;
				IPHONEOS_DEPLOYMENT_TARGET = 9.0;
				LD_RUNPATH_SEARCH_PATHS = "$(inherited) @executable_path/Frameworks";
				PRODUCT_BUNDLE_IDENTIFIER = wyh.WyhTestRegionMonitor;
				PRODUCT_NAME = "$(TARGET_NAME)";
				TARGETED_DEVICE_FAMILY = "1,2";
			};
			name = Release;
		};
		0932F84F1FB0A6F200831C0F /* Debug */ = {
			isa = XCBuildConfiguration;
			buildSettings = {
				BUNDLE_LOADER = "$(TEST_HOST)";
				CODE_SIGN_STYLE = Automatic;
				DEVELOPMENT_TEAM = FUAH8HMK9E;
				INFOPLIST_FILE = WyhTestRegionMonitorTests/Info.plist;
				LD_RUNPATH_SEARCH_PATHS = "$(inherited) @executable_path/Frameworks @loader_path/Frameworks";
				PRODUCT_BUNDLE_IDENTIFIER = wyh.WyhTestRegionMonitorTests;
				PRODUCT_NAME = "$(TARGET_NAME)";
				TARGETED_DEVICE_FAMILY = "1,2";
				TEST_HOST = "$(BUILT_PRODUCTS_DIR)/WyhTestRegionMonitor.app/WyhTestRegionMonitor";
			};
			name = Debug;
		};
		0932F8501FB0A6F200831C0F /* Release */ = {
			isa = XCBuildConfiguration;
			buildSettings = {
				BUNDLE_LOADER = "$(TEST_HOST)";
				CODE_SIGN_STYLE = Automatic;
				DEVELOPMENT_TEAM = FUAH8HMK9E;
				INFOPLIST_FILE = WyhTestRegionMonitorTests/Info.plist;
				LD_RUNPATH_SEARCH_PATHS = "$(inherited) @executable_path/Frameworks @loader_path/Frameworks";
				PRODUCT_BUNDLE_IDENTIFIER = wyh.WyhTestRegionMonitorTests;
				PRODUCT_NAME = "$(TARGET_NAME)";
				TARGETED_DEVICE_FAMILY = "1,2";
				TEST_HOST = "$(BUILT_PRODUCTS_DIR)/WyhTestRegionMonitor.app/WyhTestRegionMonitor";
			};
			name = Release;
		};
		0932F8521FB0A6F200831C0F /* Debug */ = {
			isa = XCBuildConfiguration;
			buildSettings = {
				CODE_SIGN_STYLE = Automatic;
				DEVELOPMENT_TEAM = FUAH8HMK9E;
				INFOPLIST_FILE = WyhTestRegionMonitorUITests/Info.plist;
				LD_RUNPATH_SEARCH_PATHS = "$(inherited) @executable_path/Frameworks @loader_path/Frameworks";
				PRODUCT_BUNDLE_IDENTIFIER = wyh.WyhTestRegionMonitorUITests;
				PRODUCT_NAME = "$(TARGET_NAME)";
				TARGETED_DEVICE_FAMILY = "1,2";
				TEST_TARGET_NAME = WyhTestRegionMonitor;
			};
			name = Debug;
		};
		0932F8531FB0A6F200831C0F /* Release */ = {
			isa = XCBuildConfiguration;
			buildSettings = {
				CODE_SIGN_STYLE = Automatic;
				DEVELOPMENT_TEAM = FUAH8HMK9E;
				INFOPLIST_FILE = WyhTestRegionMonitorUITests/Info.plist;
				LD_RUNPATH_SEARCH_PATHS = "$(inherited) @executable_path/Frameworks @loader_path/Frameworks";
				PRODUCT_BUNDLE_IDENTIFIER = wyh.WyhTestRegionMonitorUITests;
				PRODUCT_NAME = "$(TARGET_NAME)";
				TARGETED_DEVICE_FAMILY = "1,2";
				TEST_TARGET_NAME = WyhTestRegionMonitor;
			};
			name = Release;
		};
/* End XCBuildConfiguration section */

/* Begin XCConfigurationList section */
		0932F81A1FB0A6F200831C0F /* Build configuration list for PBXProject "WyhTestRegionMonitor" */ = {
			isa = XCConfigurationList;
			buildConfigurations = (
				0932F8491FB0A6F200831C0F /* Debug */,
				0932F84A1FB0A6F200831C0F /* Release */,
			);
			defaultConfigurationIsVisible = 0;
			defaultConfigurationName = Release;
		};
		0932F84B1FB0A6F200831C0F /* Build configuration list for PBXNativeTarget "WyhTestRegionMonitor" */ = {
			isa = XCConfigurationList;
			buildConfigurations = (
				0932F84C1FB0A6F200831C0F /* Debug */,
				0932F84D1FB0A6F200831C0F /* Release */,
			);
			defaultConfigurationIsVisible = 0;
			defaultConfigurationName = Release;
		};
		0932F84E1FB0A6F200831C0F /* Build configuration list for PBXNativeTarget "WyhTestRegionMonitorTests" */ = {
			isa = XCConfigurationList;
			buildConfigurations = (
				0932F84F1FB0A6F200831C0F /* Debug */,
				0932F8501FB0A6F200831C0F /* Release */,
			);
			defaultConfigurationIsVisible = 0;
			defaultConfigurationName = Release;
		};
		0932F8511FB0A6F200831C0F /* Build configuration list for PBXNativeTarget "WyhTestRegionMonitorUITests" */ = {
			isa = XCConfigurationList;
			buildConfigurations = (
				0932F8521FB0A6F200831C0F /* Debug */,
				0932F8531FB0A6F200831C0F /* Release */,
			);
			defaultConfigurationIsVisible = 0;
			defaultConfigurationName = Release;
		};
/* End XCConfigurationList section */
	};
	rootObject = 0932F8171FB0A6F200831C0F /* Project object */;
}
